
Microsoft Visual Studio Solution File, Format Version 12.00
# Visual Studio Version 17
VisualStudioVersion = 17.13.35931.197 d17.13
MinimumVisualStudioVersion = 10.0.40219.1
Project("{FAE04EC0-301F-11D3-BF4B-00C04F79EFBC}") = "TimelyProject", "TimelyProject.csproj", "{6ADA6686-30AC-44F5-A455-A9F819E768C9}"
EndProject
Global
	GlobalSection(SolutionConfigurationPlatforms) = preSolution
		Debug|Any CPU = Debug|Any CPU
		Release|Any CPU = Release|Any CPU
	EndGlobalSection
	GlobalSection(ProjectConfigurationPlatforms) = postSolution
		{6ADA6686-30AC-44F5-A455-A9F819E768C9}.Debug|Any CPU.ActiveCfg = Debug|Any CPU
		{6ADA6686-30AC-44F5-A455-A9F819E768C9}.Debug|Any CPU.Build.0 = Debug|Any CPU
		{6ADA6686-30AC-44F5-A455-A9F819E768C9}.Release|Any CPU.ActiveCfg = Release|Any CPU
		{6ADA6686-30AC-44F5-A455-A9F819E768C9}.Release|Any CPU.Build.0 = Release|Any CPU
	EndGlobalSection
	GlobalSection(SolutionProperties) = preSolution
		HideSolutionNode = FALSE
	EndGlobalSection
	GlobalSection(ExtensibilityGlobals) = postSolution
		SolutionGuid = {E86116AE-C0E9-4B35-B166-9241A67FDB47}
	EndGlobalSection
EndGlobal
